
Microsoft Visual Studio Solution File, Format Version 12.00
# Visual Studio Version 17
VisualStudioVersion = 17.3.32901.215
MinimumVisualStudioVersion = 10.0.40219.1
Project("{FAE04EC0-301F-11D3-BF4B-00C04F79EFBC}") = "DBS_services", "DBS_services.csproj", "{7017BF0D-6774-4893-A7D2-A520F2092907}"
EndProject
Global
	GlobalSection(SolutionConfigurationPlatforms) = preSolution
		Debug|Any CPU = Debug|Any CPU
		Release|Any CPU = Release|Any CPU
	EndGlobalSection
	GlobalSection(ProjectConfigurationPlatforms) = postSolution
		{7017BF0D-6774-4893-A7D2-A520F2092907}.Debug|Any CPU.ActiveCfg = Debug|Any CPU
		{7017BF0D-6774-4893-A7D2-A520F2092907}.Debug|Any CPU.Build.0 = Debug|Any CPU
		{7017BF0D-6774-4893-A7D2-A520F2092907}.Release|Any CPU.ActiveCfg = Release|Any CPU
		{7017BF0D-6774-4893-A7D2-A520F2092907}.Release|Any CPU.Build.0 = Release|Any CPU
	EndGlobalSection
	GlobalSection(SolutionProperties) = preSolution
		HideSolutionNode = FALSE
	EndGlobalSection
	GlobalSection(ExtensibilityGlobals) = postSolution
		SolutionGuid = {F30F1A6F-CC46-4BB7-BE9A-36BD53EBD59E}
	EndGlobalSection
EndGlobal
